
Microsoft Visual Studio Solution File, Format Version 12.00
# Visual Studio Version 17
VisualStudioVersion = 17.10.34928.147
MinimumVisualStudioVersion = 10.0.40219.1
Project("{FAE04EC0-301F-11D3-BF4B-00C04F79EFBC}") = "MVCproject", "MVCproject\MVCproject.csproj", "{C87D8CF9-7DF4-43C2-94E1-39E06B97AACF}"
EndProject
Global
	GlobalSection(SolutionConfigurationPlatforms) = preSolution
		Debug|Any CPU = Debug|Any CPU
		Release|Any CPU = Release|Any CPU
	EndGlobalSection
	GlobalSection(ProjectConfigurationPlatforms) = postSolution
		{C87D8CF9-7DF4-43C2-94E1-39E06B97AACF}.Debug|Any CPU.ActiveCfg = Debug|Any CPU
		{C87D8CF9-7DF4-43C2-94E1-39E06B97AACF}.Debug|Any CPU.Build.0 = Debug|Any CPU
		{C87D8CF9-7DF4-43C2-94E1-39E06B97AACF}.Release|Any CPU.ActiveCfg = Release|Any CPU
		{C87D8CF9-7DF4-43C2-94E1-39E06B97AACF}.Release|Any CPU.Build.0 = Release|Any CPU
	EndGlobalSection
	GlobalSection(SolutionProperties) = preSolution
		HideSolutionNode = FALSE
	EndGlobalSection
	GlobalSection(ExtensibilityGlobals) = postSolution
		SolutionGuid = {B3C61D1A-A7B0-450A-AA1A-3CD758CDDC72}
	EndGlobalSection
EndGlobal
